
Microsoft Visual Studio Solution File, Format Version 12.00
# Visual Studio Version 17
VisualStudioVersion = 17.11.35222.181
MinimumVisualStudioVersion = 10.0.40219.1
Project("{FAE04EC0-301F-11D3-BF4B-00C04F79EFBC}") = "CashControl", "CashControl\CashControl.csproj", "{4D4F516F-C843-4EE8-9339-F6B979CBB44A}"
EndProject
Global
	GlobalSection(SolutionConfigurationPlatforms) = preSolution
		Debug|Any CPU = Debug|Any CPU
		Release|Any CPU = Release|Any CPU
	EndGlobalSection
	GlobalSection(ProjectConfigurationPlatforms) = postSolution
		{4D4F516F-C843-4EE8-9339-F6B979CBB44A}.Debug|Any CPU.ActiveCfg = Debug|Any CPU
		{4D4F516F-C843-4EE8-9339-F6B979CBB44A}.Debug|Any CPU.Build.0 = Debug|Any CPU
		{4D4F516F-C843-4EE8-9339-F6B979CBB44A}.Release|Any CPU.ActiveCfg = Release|Any CPU
		{4D4F516F-C843-4EE8-9339-F6B979CBB44A}.Release|Any CPU.Build.0 = Release|Any CPU
	EndGlobalSection
	GlobalSection(SolutionProperties) = preSolution
		HideSolutionNode = FALSE
	EndGlobalSection
	GlobalSection(ExtensibilityGlobals) = postSolution
		SolutionGuid = {448DE5B6-159C-4C05-8B3B-628741DF8507}
	EndGlobalSection
EndGlobal
